
Microsoft Visual Studio Solution File, Format Version 12.00
# Visual Studio Version 17
VisualStudioVersion = 17.0.31903.59
MinimumVisualStudioVersion = 10.0.40219.1
Project("{FAE04EC0-301F-11D3-BF4B-00C04F79EFBC}") = "srv", "srv\srv.csproj", "{CBAFE921-E89F-49B6-B429-E795BDE42994}"
EndProject
Project("{FAE04EC0-301F-11D3-BF4B-00C04F79EFBC}") = "tests", "tests\tests.csproj", "{64A6E51F-1741-4D25-86E1-3411F977B510}"
EndProject
Global
	GlobalSection(SolutionConfigurationPlatforms) = preSolution
		Debug|Any CPU = Debug|Any CPU
		Release|Any CPU = Release|Any CPU
	EndGlobalSection
	GlobalSection(SolutionProperties) = preSolution
		HideSolutionNode = FALSE
	EndGlobalSection
	GlobalSection(ProjectConfigurationPlatforms) = postSolution
		{CBAFE921-E89F-49B6-B429-E795BDE42994}.Debug|Any CPU.ActiveCfg = Debug|Any CPU
		{CBAFE921-E89F-49B6-B429-E795BDE42994}.Debug|Any CPU.Build.0 = Debug|Any CPU
		{CBAFE921-E89F-49B6-B429-E795BDE42994}.Release|Any CPU.ActiveCfg = Release|Any CPU
		{CBAFE921-E89F-49B6-B429-E795BDE42994}.Release|Any CPU.Build.0 = Release|Any CPU
		{64A6E51F-1741-4D25-86E1-3411F977B510}.Debug|Any CPU.ActiveCfg = Debug|Any CPU
		{64A6E51F-1741-4D25-86E1-3411F977B510}.Debug|Any CPU.Build.0 = Debug|Any CPU
		{64A6E51F-1741-4D25-86E1-3411F977B510}.Release|Any CPU.ActiveCfg = Release|Any CPU
		{64A6E51F-1741-4D25-86E1-3411F977B510}.Release|Any CPU.Build.0 = Release|Any CPU
	EndGlobalSection
EndGlobal
